
Microsoft Visual Studio Solution File, Format Version 12.00
# Visual Studio Version 16
VisualStudioVersion = 16.0.30104.148
MinimumVisualStudioVersion = 10.0.40219.1
Project("{FAE04EC0-301F-11D3-BF4B-00C04F79EFBC}") = "cau_truc_lenh_co_ban", "cau_truc_lenh_co_ban.csproj", "{BC911D22-C8A9-4370-B8F6-CF90ECD4B1DE}"
EndProject
Global
	GlobalSection(SolutionConfigurationPlatforms) = preSolution
		Debug|Any CPU = Debug|Any CPU
		Release|Any CPU = Release|Any CPU
	EndGlobalSection
	GlobalSection(ProjectConfigurationPlatforms) = postSolution
		{BC911D22-C8A9-4370-B8F6-CF90ECD4B1DE}.Debug|Any CPU.ActiveCfg = Debug|Any CPU
		{BC911D22-C8A9-4370-B8F6-CF90ECD4B1DE}.Debug|Any CPU.Build.0 = Debug|Any CPU
		{BC911D22-C8A9-4370-B8F6-CF90ECD4B1DE}.Release|Any CPU.ActiveCfg = Release|Any CPU
		{BC911D22-C8A9-4370-B8F6-CF90ECD4B1DE}.Release|Any CPU.Build.0 = Release|Any CPU
	EndGlobalSection
	GlobalSection(SolutionProperties) = preSolution
		HideSolutionNode = FALSE
	EndGlobalSection
	GlobalSection(ExtensibilityGlobals) = postSolution
		SolutionGuid = {6D09E0F9-DE88-4CC8-A824-F06D8BB28274}
	EndGlobalSection
EndGlobal
