
Microsoft Visual Studio Solution File, Format Version 12.00
# Visual Studio Version 16
VisualStudioVersion = 16.0.30104.148
MinimumVisualStudioVersion = 10.0.40219.1
Project("{FAE04EC0-301F-11D3-BF4B-00C04F79EFBC}") = "bao keo bua", "bao keo bua\bao keo bua.csproj", "{E40AE879-0DA0-4801-A054-5D4A992CCC44}"
EndProject
Global
	GlobalSection(SolutionConfigurationPlatforms) = preSolution
		Debug|Any CPU = Debug|Any CPU
		Release|Any CPU = Release|Any CPU
	EndGlobalSection
	GlobalSection(ProjectConfigurationPlatforms) = postSolution
		{E40AE879-0DA0-4801-A054-5D4A992CCC44}.Debug|Any CPU.ActiveCfg = Debug|Any CPU
		{E40AE879-0DA0-4801-A054-5D4A992CCC44}.Debug|Any CPU.Build.0 = Debug|Any CPU
		{E40AE879-0DA0-4801-A054-5D4A992CCC44}.Release|Any CPU.ActiveCfg = Release|Any CPU
		{E40AE879-0DA0-4801-A054-5D4A992CCC44}.Release|Any CPU.Build.0 = Release|Any CPU
	EndGlobalSection
	GlobalSection(SolutionProperties) = preSolution
		HideSolutionNode = FALSE
	EndGlobalSection
	GlobalSection(ExtensibilityGlobals) = postSolution
		SolutionGuid = {650722A1-AA97-45F5-A106-69A851533A47}
	EndGlobalSection
EndGlobal
