
Microsoft Visual Studio Solution File, Format Version 12.00
# Visual Studio Version 16
VisualStudioVersion = 16.0.30104.148
MinimumVisualStudioVersion = 10.0.40219.1
Project("{FAE04EC0-301F-11D3-BF4B-00C04F79EFBC}") = "Tong Quan Lap Trinh Huong Doi Tuong", "Tong Quan Lap Trinh Huong Doi Tuong\Tong Quan Lap Trinh Huong Doi Tuong.csproj", "{BCEB67A2-868E-4261-9CB1-025657742C49}"
EndProject
Global
	GlobalSection(SolutionConfigurationPlatforms) = preSolution
		Debug|Any CPU = Debug|Any CPU
		Release|Any CPU = Release|Any CPU
	EndGlobalSection
	GlobalSection(ProjectConfigurationPlatforms) = postSolution
		{BCEB67A2-868E-4261-9CB1-025657742C49}.Debug|Any CPU.ActiveCfg = Debug|Any CPU
		{BCEB67A2-868E-4261-9CB1-025657742C49}.Debug|Any CPU.Build.0 = Debug|Any CPU
		{BCEB67A2-868E-4261-9CB1-025657742C49}.Release|Any CPU.ActiveCfg = Release|Any CPU
		{BCEB67A2-868E-4261-9CB1-025657742C49}.Release|Any CPU.Build.0 = Release|Any CPU
	EndGlobalSection
	GlobalSection(SolutionProperties) = preSolution
		HideSolutionNode = FALSE
	EndGlobalSection
	GlobalSection(ExtensibilityGlobals) = postSolution
		SolutionGuid = {256E4BE6-9BEA-4B65-ACC7-B4C31100A653}
	EndGlobalSection
EndGlobal
