
Microsoft Visual Studio Solution File, Format Version 12.00
# Visual Studio Version 16
VisualStudioVersion = 16.0.30104.148
MinimumVisualStudioVersion = 10.0.40219.1
Project("{FAE04EC0-301F-11D3-BF4B-00C04F79EFBC}") = "Switch case", "Switch case\Switch case.csproj", "{7E5D0647-CFD6-401A-85B8-2068E2C735C5}"
EndProject
Global
	GlobalSection(SolutionConfigurationPlatforms) = preSolution
		Debug|Any CPU = Debug|Any CPU
		Release|Any CPU = Release|Any CPU
	EndGlobalSection
	GlobalSection(ProjectConfigurationPlatforms) = postSolution
		{7E5D0647-CFD6-401A-85B8-2068E2C735C5}.Debug|Any CPU.ActiveCfg = Debug|Any CPU
		{7E5D0647-CFD6-401A-85B8-2068E2C735C5}.Debug|Any CPU.Build.0 = Debug|Any CPU
		{7E5D0647-CFD6-401A-85B8-2068E2C735C5}.Release|Any CPU.ActiveCfg = Release|Any CPU
		{7E5D0647-CFD6-401A-85B8-2068E2C735C5}.Release|Any CPU.Build.0 = Release|Any CPU
	EndGlobalSection
	GlobalSection(SolutionProperties) = preSolution
		HideSolutionNode = FALSE
	EndGlobalSection
	GlobalSection(ExtensibilityGlobals) = postSolution
		SolutionGuid = {30CAE044-9763-4E91-A171-65F2BA4C21F1}
	EndGlobalSection
EndGlobal
