
Microsoft Visual Studio Solution File, Format Version 12.00
# Visual Studio Version 16
VisualStudioVersion = 16.0.30104.148
MinimumVisualStudioVersion = 10.0.40219.1
Project("{FAE04EC0-301F-11D3-BF4B-00C04F79EFBC}") = "Viết phương trình bậc 1", "Viết phương trình bậc 1\Viết phương trình bậc 1.csproj", "{56F59E65-D8CE-444C-BC84-BF4C30361AC2}"
EndProject
Global
	GlobalSection(SolutionConfigurationPlatforms) = preSolution
		Debug|Any CPU = Debug|Any CPU
		Release|Any CPU = Release|Any CPU
	EndGlobalSection
	GlobalSection(ProjectConfigurationPlatforms) = postSolution
		{56F59E65-D8CE-444C-BC84-BF4C30361AC2}.Debug|Any CPU.ActiveCfg = Debug|Any CPU
		{56F59E65-D8CE-444C-BC84-BF4C30361AC2}.Debug|Any CPU.Build.0 = Debug|Any CPU
		{56F59E65-D8CE-444C-BC84-BF4C30361AC2}.Release|Any CPU.ActiveCfg = Release|Any CPU
		{56F59E65-D8CE-444C-BC84-BF4C30361AC2}.Release|Any CPU.Build.0 = Release|Any CPU
	EndGlobalSection
	GlobalSection(SolutionProperties) = preSolution
		HideSolutionNode = FALSE
	EndGlobalSection
	GlobalSection(ExtensibilityGlobals) = postSolution
		SolutionGuid = {363635C3-606A-4048-AB3C-BFB7A8B71D7D}
	EndGlobalSection
EndGlobal
