
Microsoft Visual Studio Solution File, Format Version 12.00
# Visual Studio Version 16
VisualStudioVersion = 16.0.30104.148
MinimumVisualStudioVersion = 10.0.40219.1
Project("{FAE04EC0-301F-11D3-BF4B-00C04F79EFBC}") = "Variables", "Variables.csproj", "{9E6BE5B8-7B2E-44E6-86D7-8513A3994592}"
EndProject
Global
	GlobalSection(SolutionConfigurationPlatforms) = preSolution
		Debug|Any CPU = Debug|Any CPU
		Release|Any CPU = Release|Any CPU
	EndGlobalSection
	GlobalSection(ProjectConfigurationPlatforms) = postSolution
		{9E6BE5B8-7B2E-44E6-86D7-8513A3994592}.Debug|Any CPU.ActiveCfg = Debug|Any CPU
		{9E6BE5B8-7B2E-44E6-86D7-8513A3994592}.Debug|Any CPU.Build.0 = Debug|Any CPU
		{9E6BE5B8-7B2E-44E6-86D7-8513A3994592}.Release|Any CPU.ActiveCfg = Release|Any CPU
		{9E6BE5B8-7B2E-44E6-86D7-8513A3994592}.Release|Any CPU.Build.0 = Release|Any CPU
	EndGlobalSection
	GlobalSection(SolutionProperties) = preSolution
		HideSolutionNode = FALSE
	EndGlobalSection
	GlobalSection(ExtensibilityGlobals) = postSolution
		SolutionGuid = {8FE5BCED-9295-4741-AC86-5CB1387336D0}
	EndGlobalSection
EndGlobal
