
Microsoft Visual Studio Solution File, Format Version 12.00
# Visual Studio Version 16
VisualStudioVersion = 16.0.30104.148
MinimumVisualStudioVersion = 10.0.40219.1
Project("{FAE04EC0-301F-11D3-BF4B-00C04F79EFBC}") = "bao keo bua 2", "bao keo bua 2\bao keo bua 2.csproj", "{2FE9F311-148A-4616-8D53-DACC5613843E}"
EndProject
Global
	GlobalSection(SolutionConfigurationPlatforms) = preSolution
		Debug|Any CPU = Debug|Any CPU
		Release|Any CPU = Release|Any CPU
	EndGlobalSection
	GlobalSection(ProjectConfigurationPlatforms) = postSolution
		{2FE9F311-148A-4616-8D53-DACC5613843E}.Debug|Any CPU.ActiveCfg = Debug|Any CPU
		{2FE9F311-148A-4616-8D53-DACC5613843E}.Debug|Any CPU.Build.0 = Debug|Any CPU
		{2FE9F311-148A-4616-8D53-DACC5613843E}.Release|Any CPU.ActiveCfg = Release|Any CPU
		{2FE9F311-148A-4616-8D53-DACC5613843E}.Release|Any CPU.Build.0 = Release|Any CPU
	EndGlobalSection
	GlobalSection(SolutionProperties) = preSolution
		HideSolutionNode = FALSE
	EndGlobalSection
	GlobalSection(ExtensibilityGlobals) = postSolution
		SolutionGuid = {44810DD7-6246-4270-BBEC-0614134A546F}
	EndGlobalSection
EndGlobal
